
Microsoft Visual Studio Solution File, Format Version 12.00
# Visual Studio Version 16
VisualStudioVersion = 16.0.29201.188
MinimumVisualStudioVersion = 10.0.40219.1
Project("{FAE04EC0-301F-11D3-BF4B-00C04F79EFBC}") = "FromsChat.Android", "FromsChat\FromsChat.Android\FromsChat.Android.csproj", "{AC9A5E1F-0722-41B7-B5C1-E41566E9DAFA}"
EndProject
Project("{FAE04EC0-301F-11D3-BF4B-00C04F79EFBC}") = "FromsChat.iOS", "FromsChat\FromsChat.iOS\FromsChat.iOS.csproj", "{C5E2E99F-F2D9-4D26-8441-BB2F36F2BE34}"
EndProject
Project("{FAE04EC0-301F-11D3-BF4B-00C04F79EFBC}") = "FromsChat", "FromsChat\FromsChat\FromsChat.csproj", "{C23CBB16-323B-49FB-81BB-9F9C25FCEE31}"
EndProject
Global
	GlobalSection(SolutionConfigurationPlatforms) = preSolution
		Debug|Any CPU = Debug|Any CPU
		Debug|iPhone = Debug|iPhone
		Debug|iPhoneSimulator = Debug|iPhoneSimulator
		Release|Any CPU = Release|Any CPU
		Release|iPhone = Release|iPhone
		Release|iPhoneSimulator = Release|iPhoneSimulator
	EndGlobalSection
	GlobalSection(ProjectConfigurationPlatforms) = postSolution
		{AC9A5E1F-0722-41B7-B5C1-E41566E9DAFA}.Debug|Any CPU.ActiveCfg = Debug|Any CPU
		{AC9A5E1F-0722-41B7-B5C1-E41566E9DAFA}.Debug|Any CPU.Build.0 = Debug|Any CPU
		{AC9A5E1F-0722-41B7-B5C1-E41566E9DAFA}.Debug|Any CPU.Deploy.0 = Debug|Any CPU
		{AC9A5E1F-0722-41B7-B5C1-E41566E9DAFA}.Debug|iPhone.ActiveCfg = Debug|Any CPU
		{AC9A5E1F-0722-41B7-B5C1-E41566E9DAFA}.Debug|iPhone.Build.0 = Debug|Any CPU
		{AC9A5E1F-0722-41B7-B5C1-E41566E9DAFA}.Debug|iPhone.Deploy.0 = Debug|Any CPU
		{AC9A5E1F-0722-41B7-B5C1-E41566E9DAFA}.Debug|iPhoneSimulator.ActiveCfg = Debug|Any CPU
		{AC9A5E1F-0722-41B7-B5C1-E41566E9DAFA}.Debug|iPhoneSimulator.Build.0 = Debug|Any CPU
		{AC9A5E1F-0722-41B7-B5C1-E41566E9DAFA}.Debug|iPhoneSimulator.Deploy.0 = Debug|Any CPU
		{AC9A5E1F-0722-41B7-B5C1-E41566E9DAFA}.Release|Any CPU.ActiveCfg = Release|Any CPU
		{AC9A5E1F-0722-41B7-B5C1-E41566E9DAFA}.Release|Any CPU.Build.0 = Release|Any CPU
		{AC9A5E1F-0722-41B7-B5C1-E41566E9DAFA}.Release|Any CPU.Deploy.0 = Release|Any CPU
		{AC9A5E1F-0722-41B7-B5C1-E41566E9DAFA}.Release|iPhone.ActiveCfg = Release|Any CPU
		{AC9A5E1F-0722-41B7-B5C1-E41566E9DAFA}.Release|iPhone.Build.0 = Release|Any CPU
		{AC9A5E1F-0722-41B7-B5C1-E41566E9DAFA}.Release|iPhone.Deploy.0 = Release|Any CPU
		{AC9A5E1F-0722-41B7-B5C1-E41566E9DAFA}.Release|iPhoneSimulator.ActiveCfg = Release|Any CPU
		{AC9A5E1F-0722-41B7-B5C1-E41566E9DAFA}.Release|iPhoneSimulator.Build.0 = Release|Any CPU
		{AC9A5E1F-0722-41B7-B5C1-E41566E9DAFA}.Release|iPhoneSimulator.Deploy.0 = Release|Any CPU
		{C5E2E99F-F2D9-4D26-8441-BB2F36F2BE34}.Debug|Any CPU.ActiveCfg = Debug|iPhoneSimulator
		{C5E2E99F-F2D9-4D26-8441-BB2F36F2BE34}.Debug|Any CPU.Build.0 = Debug|iPhoneSimulator
		{C5E2E99F-F2D9-4D26-8441-BB2F36F2BE34}.Debug|Any CPU.Deploy.0 = Debug|iPhoneSimulator
		{C5E2E99F-F2D9-4D26-8441-BB2F36F2BE34}.Debug|iPhone.ActiveCfg = Debug|iPhone
		{C5E2E99F-F2D9-4D26-8441-BB2F36F2BE34}.Debug|iPhone.Build.0 = Debug|iPhone
		{C5E2E99F-F2D9-4D26-8441-BB2F36F2BE34}.Debug|iPhone.Deploy.0 = Debug|iPhone
		{C5E2E99F-F2D9-4D26-8441-BB2F36F2BE34}.Debug|iPhoneSimulator.ActiveCfg = Debug|iPhoneSimulator
		{C5E2E99F-F2D9-4D26-8441-BB2F36F2BE34}.Debug|iPhoneSimulator.Build.0 = Debug|iPhoneSimulator
		{C5E2E99F-F2D9-4D26-8441-BB2F36F2BE34}.Debug|iPhoneSimulator.Deploy.0 = Debug|iPhoneSimulator
		{C5E2E99F-F2D9-4D26-8441-BB2F36F2BE34}.Release|Any CPU.ActiveCfg = Release|iPhone
		{C5E2E99F-F2D9-4D26-8441-BB2F36F2BE34}.Release|Any CPU.Build.0 = Release|iPhone
		{C5E2E99F-F2D9-4D26-8441-BB2F36F2BE34}.Release|Any CPU.Deploy.0 = Release|iPhone
		{C5E2E99F-F2D9-4D26-8441-BB2F36F2BE34}.Release|iPhone.ActiveCfg = Release|iPhone
		{C5E2E99F-F2D9-4D26-8441-BB2F36F2BE34}.Release|iPhone.Build.0 = Release|iPhone
		{C5E2E99F-F2D9-4D26-8441-BB2F36F2BE34}.Release|iPhone.Deploy.0 = Release|iPhone
		{C5E2E99F-F2D9-4D26-8441-BB2F36F2BE34}.Release|iPhoneSimulator.ActiveCfg = Release|iPhoneSimulator
		{C5E2E99F-F2D9-4D26-8441-BB2F36F2BE34}.Release|iPhoneSimulator.Build.0 = Release|iPhoneSimulator
		{C5E2E99F-F2D9-4D26-8441-BB2F36F2BE34}.Release|iPhoneSimulator.Deploy.0 = Release|iPhoneSimulator
		{C23CBB16-323B-49FB-81BB-9F9C25FCEE31}.Debug|Any CPU.ActiveCfg = Debug|Any CPU
		{C23CBB16-323B-49FB-81BB-9F9C25FCEE31}.Debug|Any CPU.Build.0 = Debug|Any CPU
		{C23CBB16-323B-49FB-81BB-9F9C25FCEE31}.Debug|Any CPU.Deploy.0 = Debug|Any CPU
		{C23CBB16-323B-49FB-81BB-9F9C25FCEE31}.Debug|iPhone.ActiveCfg = Debug|Any CPU
		{C23CBB16-323B-49FB-81BB-9F9C25FCEE31}.Debug|iPhone.Build.0 = Debug|Any CPU
		{C23CBB16-323B-49FB-81BB-9F9C25FCEE31}.Debug|iPhone.Deploy.0 = Debug|Any CPU
		{C23CBB16-323B-49FB-81BB-9F9C25FCEE31}.Debug|iPhoneSimulator.ActiveCfg = Debug|Any CPU
		{C23CBB16-323B-49FB-81BB-9F9C25FCEE31}.Debug|iPhoneSimulator.Build.0 = Debug|Any CPU
		{C23CBB16-323B-49FB-81BB-9F9C25FCEE31}.Debug|iPhoneSimulator.Deploy.0 = Debug|Any CPU
		{C23CBB16-323B-49FB-81BB-9F9C25FCEE31}.Release|Any CPU.ActiveCfg = Release|Any CPU
		{C23CBB16-323B-49FB-81BB-9F9C25FCEE31}.Release|Any CPU.Build.0 = Release|Any CPU
		{C23CBB16-323B-49FB-81BB-9F9C25FCEE31}.Release|Any CPU.Deploy.0 = Release|Any CPU
		{C23CBB16-323B-49FB-81BB-9F9C25FCEE31}.Release|iPhone.ActiveCfg = Release|Any CPU
		{C23CBB16-323B-49FB-81BB-9F9C25FCEE31}.Release|iPhone.Build.0 = Release|Any CPU
		{C23CBB16-323B-49FB-81BB-9F9C25FCEE31}.Release|iPhone.Deploy.0 = Release|Any CPU
		{C23CBB16-323B-49FB-81BB-9F9C25FCEE31}.Release|iPhoneSimulator.ActiveCfg = Release|Any CPU
		{C23CBB16-323B-49FB-81BB-9F9C25FCEE31}.Release|iPhoneSimulator.Build.0 = Release|Any CPU
		{C23CBB16-323B-49FB-81BB-9F9C25FCEE31}.Release|iPhoneSimulator.Deploy.0 = Release|Any CPU
	EndGlobalSection
	GlobalSection(SolutionProperties) = preSolution
		HideSolutionNode = FALSE
	EndGlobalSection
	GlobalSection(ExtensibilityGlobals) = postSolution
		SolutionGuid = {09CD4424-43CB-4C6A-BDDD-4FA387796C91}
	EndGlobalSection
EndGlobal
