
Microsoft Visual Studio Solution File, Format Version 12.00
# Visual Studio Version 16
VisualStudioVersion = 16.0.29201.188
MinimumVisualStudioVersion = 10.0.40219.1
Project("{FAE04EC0-301F-11D3-BF4B-00C04F79EFBC}") = "Code_SendBird.Android", "Code_SendBird\Code_SendBird.Android\Code_SendBird.Android.csproj", "{8C590B0D-781E-49DC-ABC5-4EF3CE9D3C23}"
EndProject
Project("{FAE04EC0-301F-11D3-BF4B-00C04F79EFBC}") = "Code_SendBird.iOS", "Code_SendBird\Code_SendBird.iOS\Code_SendBird.iOS.csproj", "{F65C9488-3BC2-489E-ACC4-22904D52DEFA}"
EndProject
Project("{FAE04EC0-301F-11D3-BF4B-00C04F79EFBC}") = "Code_SendBird", "Code_SendBird\Code_SendBird\Code_SendBird.csproj", "{5E400041-49AA-4734-B7E4-AE33DFD27257}"
EndProject
Global
	GlobalSection(SolutionConfigurationPlatforms) = preSolution
		Debug|Any CPU = Debug|Any CPU
		Debug|iPhone = Debug|iPhone
		Debug|iPhoneSimulator = Debug|iPhoneSimulator
		Release|Any CPU = Release|Any CPU
		Release|iPhone = Release|iPhone
		Release|iPhoneSimulator = Release|iPhoneSimulator
	EndGlobalSection
	GlobalSection(ProjectConfigurationPlatforms) = postSolution
		{8C590B0D-781E-49DC-ABC5-4EF3CE9D3C23}.Debug|Any CPU.ActiveCfg = Debug|Any CPU
		{8C590B0D-781E-49DC-ABC5-4EF3CE9D3C23}.Debug|Any CPU.Build.0 = Debug|Any CPU
		{8C590B0D-781E-49DC-ABC5-4EF3CE9D3C23}.Debug|Any CPU.Deploy.0 = Debug|Any CPU
		{8C590B0D-781E-49DC-ABC5-4EF3CE9D3C23}.Debug|iPhone.ActiveCfg = Debug|Any CPU
		{8C590B0D-781E-49DC-ABC5-4EF3CE9D3C23}.Debug|iPhone.Build.0 = Debug|Any CPU
		{8C590B0D-781E-49DC-ABC5-4EF3CE9D3C23}.Debug|iPhone.Deploy.0 = Debug|Any CPU
		{8C590B0D-781E-49DC-ABC5-4EF3CE9D3C23}.Debug|iPhoneSimulator.ActiveCfg = Debug|Any CPU
		{8C590B0D-781E-49DC-ABC5-4EF3CE9D3C23}.Debug|iPhoneSimulator.Build.0 = Debug|Any CPU
		{8C590B0D-781E-49DC-ABC5-4EF3CE9D3C23}.Debug|iPhoneSimulator.Deploy.0 = Debug|Any CPU
		{8C590B0D-781E-49DC-ABC5-4EF3CE9D3C23}.Release|Any CPU.ActiveCfg = Release|Any CPU
		{8C590B0D-781E-49DC-ABC5-4EF3CE9D3C23}.Release|Any CPU.Build.0 = Release|Any CPU
		{8C590B0D-781E-49DC-ABC5-4EF3CE9D3C23}.Release|Any CPU.Deploy.0 = Release|Any CPU
		{8C590B0D-781E-49DC-ABC5-4EF3CE9D3C23}.Release|iPhone.ActiveCfg = Release|Any CPU
		{8C590B0D-781E-49DC-ABC5-4EF3CE9D3C23}.Release|iPhone.Build.0 = Release|Any CPU
		{8C590B0D-781E-49DC-ABC5-4EF3CE9D3C23}.Release|iPhone.Deploy.0 = Release|Any CPU
		{8C590B0D-781E-49DC-ABC5-4EF3CE9D3C23}.Release|iPhoneSimulator.ActiveCfg = Release|Any CPU
		{8C590B0D-781E-49DC-ABC5-4EF3CE9D3C23}.Release|iPhoneSimulator.Build.0 = Release|Any CPU
		{8C590B0D-781E-49DC-ABC5-4EF3CE9D3C23}.Release|iPhoneSimulator.Deploy.0 = Release|Any CPU
		{F65C9488-3BC2-489E-ACC4-22904D52DEFA}.Debug|Any CPU.ActiveCfg = Debug|iPhoneSimulator
		{F65C9488-3BC2-489E-ACC4-22904D52DEFA}.Debug|Any CPU.Build.0 = Debug|iPhoneSimulator
		{F65C9488-3BC2-489E-ACC4-22904D52DEFA}.Debug|Any CPU.Deploy.0 = Debug|iPhoneSimulator
		{F65C9488-3BC2-489E-ACC4-22904D52DEFA}.Debug|iPhone.ActiveCfg = Debug|iPhone
		{F65C9488-3BC2-489E-ACC4-22904D52DEFA}.Debug|iPhone.Build.0 = Debug|iPhone
		{F65C9488-3BC2-489E-ACC4-22904D52DEFA}.Debug|iPhone.Deploy.0 = Debug|iPhone
		{F65C9488-3BC2-489E-ACC4-22904D52DEFA}.Debug|iPhoneSimulator.ActiveCfg = Debug|iPhoneSimulator
		{F65C9488-3BC2-489E-ACC4-22904D52DEFA}.Debug|iPhoneSimulator.Build.0 = Debug|iPhoneSimulator
		{F65C9488-3BC2-489E-ACC4-22904D52DEFA}.Debug|iPhoneSimulator.Deploy.0 = Debug|iPhoneSimulator
		{F65C9488-3BC2-489E-ACC4-22904D52DEFA}.Release|Any CPU.ActiveCfg = Release|iPhone
		{F65C9488-3BC2-489E-ACC4-22904D52DEFA}.Release|Any CPU.Build.0 = Release|iPhone
		{F65C9488-3BC2-489E-ACC4-22904D52DEFA}.Release|Any CPU.Deploy.0 = Release|iPhone
		{F65C9488-3BC2-489E-ACC4-22904D52DEFA}.Release|iPhone.ActiveCfg = Release|iPhone
		{F65C9488-3BC2-489E-ACC4-22904D52DEFA}.Release|iPhone.Build.0 = Release|iPhone
		{F65C9488-3BC2-489E-ACC4-22904D52DEFA}.Release|iPhone.Deploy.0 = Release|iPhone
		{F65C9488-3BC2-489E-ACC4-22904D52DEFA}.Release|iPhoneSimulator.ActiveCfg = Release|iPhoneSimulator
		{F65C9488-3BC2-489E-ACC4-22904D52DEFA}.Release|iPhoneSimulator.Build.0 = Release|iPhoneSimulator
		{F65C9488-3BC2-489E-ACC4-22904D52DEFA}.Release|iPhoneSimulator.Deploy.0 = Release|iPhoneSimulator
		{5E400041-49AA-4734-B7E4-AE33DFD27257}.Debug|Any CPU.ActiveCfg = Debug|Any CPU
		{5E400041-49AA-4734-B7E4-AE33DFD27257}.Debug|Any CPU.Build.0 = Debug|Any CPU
		{5E400041-49AA-4734-B7E4-AE33DFD27257}.Debug|Any CPU.Deploy.0 = Debug|Any CPU
		{5E400041-49AA-4734-B7E4-AE33DFD27257}.Debug|iPhone.ActiveCfg = Debug|Any CPU
		{5E400041-49AA-4734-B7E4-AE33DFD27257}.Debug|iPhone.Build.0 = Debug|Any CPU
		{5E400041-49AA-4734-B7E4-AE33DFD27257}.Debug|iPhone.Deploy.0 = Debug|Any CPU
		{5E400041-49AA-4734-B7E4-AE33DFD27257}.Debug|iPhoneSimulator.ActiveCfg = Debug|Any CPU
		{5E400041-49AA-4734-B7E4-AE33DFD27257}.Debug|iPhoneSimulator.Build.0 = Debug|Any CPU
		{5E400041-49AA-4734-B7E4-AE33DFD27257}.Debug|iPhoneSimulator.Deploy.0 = Debug|Any CPU
		{5E400041-49AA-4734-B7E4-AE33DFD27257}.Release|Any CPU.ActiveCfg = Release|Any CPU
		{5E400041-49AA-4734-B7E4-AE33DFD27257}.Release|Any CPU.Build.0 = Release|Any CPU
		{5E400041-49AA-4734-B7E4-AE33DFD27257}.Release|Any CPU.Deploy.0 = Release|Any CPU
		{5E400041-49AA-4734-B7E4-AE33DFD27257}.Release|iPhone.ActiveCfg = Release|Any CPU
		{5E400041-49AA-4734-B7E4-AE33DFD27257}.Release|iPhone.Build.0 = Release|Any CPU
		{5E400041-49AA-4734-B7E4-AE33DFD27257}.Release|iPhone.Deploy.0 = Release|Any CPU
		{5E400041-49AA-4734-B7E4-AE33DFD27257}.Release|iPhoneSimulator.ActiveCfg = Release|Any CPU
		{5E400041-49AA-4734-B7E4-AE33DFD27257}.Release|iPhoneSimulator.Build.0 = Release|Any CPU
		{5E400041-49AA-4734-B7E4-AE33DFD27257}.Release|iPhoneSimulator.Deploy.0 = Release|Any CPU
	EndGlobalSection
	GlobalSection(SolutionProperties) = preSolution
		HideSolutionNode = FALSE
	EndGlobalSection
	GlobalSection(ExtensibilityGlobals) = postSolution
		SolutionGuid = {FB64BEAF-218D-437C-B8CE-8149AD9B5AEF}
	EndGlobalSection
EndGlobal
